
Microsoft Visual Studio Solution File, Format Version 12.00
# Visual Studio Version 16
VisualStudioVersion = 16.0.30907.101
MinimumVisualStudioVersion = 10.0.40219.1
Project("{FAE04EC0-301F-11D3-BF4B-00C04F79EFBC}") = "CR.Demo.BL", "CR.Demo.BL\CR.Demo.BL.csproj", "{AC277B7F-AF73-4EA0-83A0-D5AC556CB054}"
EndProject
Project("{FAE04EC0-301F-11D3-BF4B-00C04F79EFBC}") = "CR.Demo.UT", "CR.Demo.UT\CR.Demo.UT.csproj", "{2F5FC9E2-6ED8-4B47-878C-0E6FBCE4C1BF}"
EndProject
Global
	GlobalSection(SolutionConfigurationPlatforms) = preSolution
		Debug|Any CPU = Debug|Any CPU
		Release|Any CPU = Release|Any CPU
	EndGlobalSection
	GlobalSection(ProjectConfigurationPlatforms) = postSolution
		{AC277B7F-AF73-4EA0-83A0-D5AC556CB054}.Debug|Any CPU.ActiveCfg = Debug|Any CPU
		{AC277B7F-AF73-4EA0-83A0-D5AC556CB054}.Debug|Any CPU.Build.0 = Debug|Any CPU
		{AC277B7F-AF73-4EA0-83A0-D5AC556CB054}.Release|Any CPU.ActiveCfg = Release|Any CPU
		{AC277B7F-AF73-4EA0-83A0-D5AC556CB054}.Release|Any CPU.Build.0 = Release|Any CPU
		{2F5FC9E2-6ED8-4B47-878C-0E6FBCE4C1BF}.Debug|Any CPU.ActiveCfg = Debug|Any CPU
		{2F5FC9E2-6ED8-4B47-878C-0E6FBCE4C1BF}.Debug|Any CPU.Build.0 = Debug|Any CPU
		{2F5FC9E2-6ED8-4B47-878C-0E6FBCE4C1BF}.Release|Any CPU.ActiveCfg = Release|Any CPU
		{2F5FC9E2-6ED8-4B47-878C-0E6FBCE4C1BF}.Release|Any CPU.Build.0 = Release|Any CPU
	EndGlobalSection
	GlobalSection(SolutionProperties) = preSolution
		HideSolutionNode = FALSE
	EndGlobalSection
	GlobalSection(ExtensibilityGlobals) = postSolution
		SolutionGuid = {2D85EBC2-7C52-4367-8C51-F90705D30D20}
	EndGlobalSection
EndGlobal
